// !$*UTF8*$!
{
	archiveVersion = 1;
	classes = {
	};
	objectVersion = 46;
	objects = {

/* Begin PBXBuildFile section */
		95DFD4951DBF3F0B00381DCC /* main.m in Sources */ = {isa = PBXBuildFile; fileRef = 95DFD4941DBF3F0B00381DCC /* main.m */; };
		95DFD4981DBF3F0B00381DCC /* AppDelegate.m in Sources */ = {isa = PBXBuildFile; fileRef = 95DFD4971DBF3F0B00381DCC /* AppDelegate.m */; };
		95DFD49B1DBF3F0B00381DCC /* ViewController.m in Sources */ = {isa = PBXBuildFile; fileRef = 95DFD49A1DBF3F0B00381DCC /* ViewController.m */; };
		95DFD49E1DBF3F0B00381DCC /* Main.storyboard in Resources */ = {isa = PBXBuildFile; fileRef = 95DFD49C1DBF3F0B00381DCC /* Main.storyboard */; };
		95DFD4A01DBF3F0B00381DCC /* Assets.xcassets in Resources */ = {isa = PBXBuildFile; fileRef = 95DFD49F1DBF3F0B00381DCC /* Assets.xcassets */; };
		95DFD4A31DBF3F0B00381DCC /* LaunchScreen.storyboard in Resources */ = {isa = PBXBuildFile; fileRef = 95DFD4A11DBF3F0B00381DCC /* LaunchScreen.storyboard */; };
		95DFD4AC1DBF3F3D00381DCC /* UIViewController+Swizzling.m in Sources */ = {isa = PBXBuildFile; fileRef = 95DFD4AB1DBF3F3D00381DCC /* UIViewController+Swizzling.m */; };
		95DFD4AF1DBF430F00381DCC /* NextVC.m in Sources */ = {isa = PBXBuildFile; fileRef = 95DFD4AE1DBF430F00381DCC /* NextVC.m */; };
/* End PBXBuildFile section */

/* Begin PBXFileReference section */
		95DFD4901DBF3F0B00381DCC /* Runtime查看当前VC.app */ = {isa = PBXFileReference; explicitFileType = wrapper.application; includeInIndex = 0; path = "Runtime查看当前VC.app"; sourceTree = BUILT_PRODUCTS_DIR; };
		95DFD4941DBF3F0B00381DCC /* main.m */ = {isa = PBXFileReference; lastKnownFileType = sourcecode.c.objc; path = main.m; sourceTree = "<group>"; };
		95DFD4961DBF3F0B00381DCC /* AppDelegate.h */ = {isa = PBXFileReference; lastKnownFileType = sourcecode.c.h; path = AppDelegate.h; sourceTree = "<group>"; };
		95DFD4971DBF3F0B00381DCC /* AppDelegate.m */ = {isa = PBXFileReference; lastKnownFileType = sourcecode.c.objc; path = AppDelegate.m; sourceTree = "<group>"; };
		95DFD4991DBF3F0B00381DCC /* ViewController.h */ = {isa = PBXFileReference; lastKnownFileType = sourcecode.c.h; path = ViewController.h; sourceTree = "<group>"; };
		95DFD49A1DBF3F0B00381DCC /* ViewController.m */ = {isa = PBXFileReference; lastKnownFileType = sourcecode.c.objc; path = ViewController.m; sourceTree = "<group>"; };
		95DFD49D1DBF3F0B00381DCC /* Base */ = {isa = PBXFileReference; lastKnownFileType = file.storyboard; name = Base; path = Base.lproj/Main.storyboard; sourceTree = "<group>"; };
		95DFD49F1DBF3F0B00381DCC /* Assets.xcassets */ = {isa = PBXFileReference; lastKnownFileType = folder.assetcatalog; path = Assets.xcassets; sourceTree = "<group>"; };
		95DFD4A21DBF3F0B00381DCC /* Base */ = {isa = PBXFileReference; lastKnownFileType = file.storyboard; name = Base; path = Base.lproj/LaunchScreen.storyboard; sourceTree = "<group>"; };
		95DFD4A41DBF3F0B00381DCC /* Info.plist */ = {isa = PBXFileReference; lastKnownFileType = text.plist.xml; path = Info.plist; sourceTree = "<group>"; };
		95DFD4AA1DBF3F3D00381DCC /* UIViewController+Swizzling.h */ = {isa = PBXFileReference; fileEncoding = 4; lastKnownFileType = sourcecode.c.h; path = "UIViewController+Swizzling.h"; sourceTree = "<group>"; };
		95DFD4AB1DBF3F3D00381DCC /* UIViewController+Swizzling.m */ = {isa = PBXFileReference; fileEncoding = 4; lastKnownFileType = sourcecode.c.objc; path = "UIViewController+Swizzling.m"; sourceTree = "<group>"; };
		95DFD4AD1DBF430F00381DCC /* NextVC.h */ = {isa = PBXFileReference; fileEncoding = 4; lastKnownFileType = sourcecode.c.h; path = NextVC.h; sourceTree = "<group>"; };
		95DFD4AE1DBF430F00381DCC /* NextVC.m */ = {isa = PBXFileReference; fileEncoding = 4; lastKnownFileType = sourcecode.c.objc; path = NextVC.m; sourceTree = "<group>"; };
/* End PBXFileReference section */

/* Begin PBXFrameworksBuildPhase section */
		95DFD48D1DBF3F0B00381DCC /* Frameworks */ = {
			isa = PBXFrameworksBuildPhase;
			buildActionMask = 2147483647;
			files = (
			);
			runOnlyForDeploymentPostprocessing = 0;
		};
/* End PBXFrameworksBuildPhase section */

/* Begin PBXGroup section */
		95DFD4871DBF3F0B00381DCC = {
			isa = PBXGroup;
			children = (
				95DFD4921DBF3F0B00381DCC /* Runtime查看当前VC */,
				95DFD4911DBF3F0B00381DCC /* Products */,
			);
			sourceTree = "<group>";
		};
		95DFD4911DBF3F0B00381DCC /* Products */ = {
			isa = PBXGroup;
			children = (
				95DFD4901DBF3F0B00381DCC /* Runtime查看当前VC.app */,
			);
			name = Products;
			sourceTree = "<group>";
		};
		95DFD4921DBF3F0B00381DCC /* Runtime查看当前VC */ = {
			isa = PBXGroup;
			children = (
				95DFD4961DBF3F0B00381DCC /* AppDelegate.h */,
				95DFD4971DBF3F0B00381DCC /* AppDelegate.m */,
				95DFD4AD1DBF430F00381DCC /* NextVC.h */,
				95DFD4AE1DBF430F00381DCC /* NextVC.m */,
				95DFD4991DBF3F0B00381DCC /* ViewController.h */,
				95DFD49A1DBF3F0B00381DCC /* ViewController.m */,
				95DFD4AA1DBF3F3D00381DCC /* UIViewController+Swizzling.h */,
				95DFD4AB1DBF3F3D00381DCC /* UIViewController+Swizzling.m */,
				95DFD49C1DBF3F0B00381DCC /* Main.storyboard */,
				95DFD49F1DBF3F0B00381DCC /* Assets.xcassets */,
				95DFD4A11DBF3F0B00381DCC /* LaunchScreen.storyboard */,
				95DFD4A41DBF3F0B00381DCC /* Info.plist */,
				95DFD4931DBF3F0B00381DCC /* Supporting Files */,
			);
			path = "Runtime查看当前VC";
			sourceTree = "<group>";
		};
		95DFD4931DBF3F0B00381DCC /* Supporting Files */ = {
			isa = PBXGroup;
			children = (
				95DFD4941DBF3F0B00381DCC /* main.m */,
			);
			name = "Supporting Files";
			sourceTree = "<group>";
		};
/* End PBXGroup section */

/* Begin PBXNativeTarget section */
		95DFD48F1DBF3F0B00381DCC /* Runtime查看当前VC */ = {
			isa = PBXNativeTarget;
			buildConfigurationList = 95DFD4A71DBF3F0B00381DCC /* Build configuration list for PBXNativeTarget "Runtime查看当前VC" */;
			buildPhases = (
				95DFD48C1DBF3F0B00381DCC /* Sources */,
				95DFD48D1DBF3F0B00381DCC /* Frameworks */,
				95DFD48E1DBF3F0B00381DCC /* Resources */,
			);
			buildRules = (
			);
			dependencies = (
			);
			name = "Runtime查看当前VC";
			productName = "Runtime查看当前VC";
			productReference = 95DFD4901DBF3F0B00381DCC /* Runtime查看当前VC.app */;
			productType = "com.apple.product-type.application";
		};
/* End PBXNativeTarget section */

/* Begin PBXProject section */
		95DFD4881DBF3F0B00381DCC /* Project object */ = {
			isa = PBXProject;
			attributes = {
				LastUpgradeCheck = 0730;
				ORGANIZATIONNAME = lwx;
				TargetAttributes = {
					95DFD48F1DBF3F0B00381DCC = {
						CreatedOnToolsVersion = 7.3.1;
					};
				};
			};
			buildConfigurationList = 95DFD48B1DBF3F0B00381DCC /* Build configuration list for PBXProject "Runtime查看当前VC" */;
			compatibilityVersion = "Xcode 3.2";
			developmentRegion = English;
			hasScannedForEncodings = 0;
			knownRegions = (
				en,
				Base,
			);
			mainGroup = 95DFD4871DBF3F0B00381DCC;
			productRefGroup = 95DFD4911DBF3F0B00381DCC /* Products */;
			projectDirPath = "";
			projectRoot = "";
			targets = (
				95DFD48F1DBF3F0B00381DCC /* Runtime查看当前VC */,
			);
		};
/* End PBXProject section */

/* Begin PBXResourcesBuildPhase section */
		95DFD48E1DBF3F0B00381DCC /* Resources */ = {
			isa = PBXResourcesBuildPhase;
			buildActionMask = 2147483647;
			files = (
				95DFD4A31DBF3F0B00381DCC /* LaunchScreen.storyboard in Resources */,
				95DFD4A01DBF3F0B00381DCC /* Assets.xcassets in Resources */,
				95DFD49E1DBF3F0B00381DCC /* Main.storyboard in Resources */,
			);
			runOnlyForDeploymentPostprocessing = 0;
		};
/* End PBXResourcesBuildPhase section */

/* Begin PBXSourcesBuildPhase section */
		95DFD48C1DBF3F0B00381DCC /* Sources */ = {
			isa = PBXSourcesBuildPhase;
			buildActionMask = 2147483647;
			files = (
				95DFD4AC1DBF3F3D00381DCC /* UIViewController+Swizzling.m in Sources */,
				95DFD49B1DBF3F0B00381DCC /* ViewController.m in Sources */,
				95DFD4981DBF3F0B00381DCC /* AppDelegate.m in Sources */,
				95DFD4AF1DBF430F00381DCC /* NextVC.m in Sources */,
				95DFD4951DBF3F0B00381DCC /* main.m in Sources */,
			);
			runOnlyForDeploymentPostprocessing = 0;
		};
/* End PBXSourcesBuildPhase section */

/* Begin PBXVariantGroup section */
		95DFD49C1DBF3F0B00381DCC /* Main.storyboard */ = {
			isa = PBXVariantGroup;
			children = (
				95DFD49D1DBF3F0B00381DCC /* Base */,
			);
			name = Main.storyboard;
			sourceTree = "<group>";
		};
		95DFD4A11DBF3F0B00381DCC /* LaunchScreen.storyboard */ = {
			isa = PBXVariantGroup;
			children = (
				95DFD4A21DBF3F0B00381DCC /* Base */,
			);
			name = LaunchScreen.storyboard;
			sourceTree = "<group>";
		};
/* End PBXVariantGroup section */

/* Begin XCBuildConfiguration section */
		95DFD4A51DBF3F0B00381DCC /* Debug */ = {
			isa = XCBuildConfiguration;
			buildSettings = {
				ALWAYS_SEARCH_USER_PATHS = NO;
				CLANG_ANALYZER_NONNULL = YES;
				CLANG_CXX_LANGUAGE_STANDARD = "gnu++0x";
				CLANG_CXX_LIBRARY = "libc++";
				CLANG_ENABLE_MODULES = YES;
				CLANG_ENABLE_OBJC_ARC = YES;
				CLANG_WARN_BOOL_CONVERSION = YES;
				CLANG_WARN_CONSTANT_CONVERSION = YES;
				CLANG_WARN_DIRECT_OBJC_ISA_USAGE = YES_ERROR;
				CLANG_WARN_EMPTY_BODY = YES;
				CLANG_WARN_ENUM_CONVERSION = YES;
				CLANG_WARN_INT_CONVERSION = YES;
				CLANG_WARN_OBJC_ROOT_CLASS = YES_ERROR;
				CLANG_WARN_UNREACHABLE_CODE = YES;
				CLANG_WARN__DUPLICATE_METHOD_MATCH = YES;
				"CODE_SIGN_IDENTITY[sdk=iphoneos*]" = "iPhone Developer";
				COPY_PHASE_STRIP = NO;
				DEBUG_INFORMATION_FORMAT = dwarf;
				ENABLE_STRICT_OBJC_MSGSEND = YES;
				ENABLE_TESTABILITY = YES;
				GCC_C_LANGUAGE_STANDARD = gnu99;
				GCC_DYNAMIC_NO_PIC = NO;
				GCC_NO_COMMON_BLOCKS = YES;
				GCC_OPTIMIZATION_LEVEL = 0;
				GCC_PREPROCESSOR_DEFINITIONS = (
					"DEBUG=1",
					"$(inherited)",
				);
				GCC_WARN_64_TO_32_BIT_CONVERSION = YES;
				GCC_WARN_ABOUT_RETURN_TYPE = YES_ERROR;
				GCC_WARN_UNDECLARED_SELECTOR = YES;
				GCC_WARN_UNINITIALIZED_AUTOS = YES_AGGRESSIVE;
				GCC_WARN_UNUSED_FUNCTION = YES;
				GCC_WARN_UNUSED_VARIABLE = YES;
				IPHONEOS_DEPLOYMENT_TARGET = 9.3;
				MTL_ENABLE_DEBUG_INFO = YES;
				ONLY_ACTIVE_ARCH = YES;
				SDKROOT = iphoneos;
			};
			name = Debug;
		};
		95DFD4A61DBF3F0B00381DCC /* Release */ = {
			isa = XCBuildConfiguration;
			buildSettings = {
				ALWAYS_SEARCH_USER_PATHS = NO;
				CLANG_ANALYZER_NONNULL = YES;
				CLANG_CXX_LANGUAGE_STANDARD = "gnu++0x";
				CLANG_CXX_LIBRARY = "libc++";
				CLANG_ENABLE_MODULES = YES;
				CLANG_ENABLE_OBJC_ARC = YES;
				CLANG_WARN_BOOL_CONVERSION = YES;
				CLANG_WARN_CONSTANT_CONVERSION = YES;
				CLANG_WARN_DIRECT_OBJC_ISA_USAGE = YES_ERROR;
				CLANG_WARN_EMPTY_BODY = YES;
				CLANG_WARN_ENUM_CONVERSION = YES;
				CLANG_WARN_INT_CONVERSION = YES;
				CLANG_WARN_OBJC_ROOT_CLASS = YES_ERROR;
				CLANG_WARN_UNREACHABLE_CODE = YES;
				CLANG_WARN__DUPLICATE_METHOD_MATCH = YES;
				"CODE_SIGN_IDENTITY[sdk=iphoneos*]" = "iPhone Developer";
				COPY_PHASE_STRIP = NO;
				DEBUG_INFORMATION_FORMAT = "dwarf-with-dsym";
				ENABLE_NS_ASSERTIONS = NO;
				ENABLE_STRICT_OBJC_MSGSEND = YES;
				GCC_C_LANGUAGE_STANDARD = gnu99;
				GCC_NO_COMMON_BLOCKS = YES;
				GCC_WARN_64_TO_32_BIT_CONVERSION = YES;
				GCC_WARN_ABOUT_RETURN_TYPE = YES_ERROR;
				GCC_WARN_UNDECLARED_SELECTOR = YES;
				GCC_WARN_UNINITIALIZED_AUTOS = YES_AGGRESSIVE;
				GCC_WARN_UNUSED_FUNCTION = YES;
				GCC_WARN_UNUSED_VARIABLE = YES;
				IPHONEOS_DEPLOYMENT_TARGET = 9.3;
				MTL_ENABLE_DEBUG_INFO = NO;
				SDKROOT = iphoneos;
				VALIDATE_PRODUCT = YES;
			};
			name = Release;
		};
		95DFD4A81DBF3F0B00381DCC /* Debug */ = {
			isa = XCBuildConfiguration;
			buildSettings = {
				ASSETCATALOG_COMPILER_APPICON_NAME = AppIcon;
				INFOPLIST_FILE = "Runtime查看当前VC/Info.plist";
				LD_RUNPATH_SEARCH_PATHS = "$(inherited) @executable_path/Frameworks";
				PRODUCT_BUNDLE_IDENTIFIER = "com.it.Runtime----VC";
				PRODUCT_NAME = "$(TARGET_NAME)";
			};
			name = Debug;
		};
		95DFD4A91DBF3F0B00381DCC /* Release */ = {
			isa = XCBuildConfiguration;
			buildSettings = {
				ASSETCATALOG_COMPILER_APPICON_NAME = AppIcon;
				INFOPLIST_FILE = "Runtime查看当前VC/Info.plist";
				LD_RUNPATH_SEARCH_PATHS = "$(inherited) @executable_path/Frameworks";
				PRODUCT_BUNDLE_IDENTIFIER = "com.it.Runtime----VC";
				PRODUCT_NAME = "$(TARGET_NAME)";
			};
			name = Release;
		};
/* End XCBuildConfiguration section */

/* Begin XCConfigurationList section */
		95DFD48B1DBF3F0B00381DCC /* Build configuration list for PBXProject "Runtime查看当前VC" */ = {
			isa = XCConfigurationList;
			buildConfigurations = (
				95DFD4A51DBF3F0B00381DCC /* Debug */,
				95DFD4A61DBF3F0B00381DCC /* Release */,
			);
			defaultConfigurationIsVisible = 0;
			defaultConfigurationName = Release;
		};
		95DFD4A71DBF3F0B00381DCC /* Build configuration list for PBXNativeTarget "Runtime查看当前VC" */ = {
			isa = XCConfigurationList;
			buildConfigurations = (
				95DFD4A81DBF3F0B00381DCC /* Debug */,
				95DFD4A91DBF3F0B00381DCC /* Release */,
			);
			defaultConfigurationIsVisible = 0;
		};
/* End XCConfigurationList section */
	};
	rootObject = 95DFD4881DBF3F0B00381DCC /* Project object */;
}
